
Microsoft Visual Studio Solution File, Format Version 12.00
# Visual Studio Version 17
VisualStudioVersion = 17.5.33516.290
MinimumVisualStudioVersion = 10.0.40219.1
Project("{FAE04EC0-301F-11D3-BF4B-00C04F79EFBC}") = "MilleRotation", "MilleRotation\MilleRotation.csproj", "{D74DC4D7-FF17-425B-AB28-3BE5CFA09E8A}"
EndProject
Global
	GlobalSection(SolutionConfigurationPlatforms) = preSolution
		Debug|Any CPU = Debug|Any CPU
		Release|Any CPU = Release|Any CPU
	EndGlobalSection
	GlobalSection(ProjectConfigurationPlatforms) = postSolution
		{D74DC4D7-FF17-425B-AB28-3BE5CFA09E8A}.Debug|Any CPU.ActiveCfg = Debug|Any CPU
		{D74DC4D7-FF17-425B-AB28-3BE5CFA09E8A}.Debug|Any CPU.Build.0 = Debug|Any CPU
		{D74DC4D7-FF17-425B-AB28-3BE5CFA09E8A}.Release|Any CPU.ActiveCfg = Release|Any CPU
		{D74DC4D7-FF17-425B-AB28-3BE5CFA09E8A}.Release|Any CPU.Build.0 = Release|Any CPU
	EndGlobalSection
	GlobalSection(SolutionProperties) = preSolution
		HideSolutionNode = FALSE
	EndGlobalSection
	GlobalSection(ExtensibilityGlobals) = postSolution
		SolutionGuid = {47134325-72D1-43BB-BF01-EB072F6B3742}
	EndGlobalSection
EndGlobal
